// !$*UTF8*$!
{
	archiveVersion = 1;
	classes = {
	};
	objectVersion = 52;
	objects = {

/* Begin PBXBuildFile section */
		1B22D3D525C3214200D141B8 /* CategoryDetailsView.swift in Sources */ = {isa = PBXBuildFile; fileRef = 1B22D3D425C3214200D141B8 /* CategoryDetailsView.swift */; };
		1B22D3DD25C3BAEF00D141B8 /* LazyView.swift in Sources */ = {isa = PBXBuildFile; fileRef = 1B22D3DC25C3BAEF00D141B8 /* LazyView.swift */; };
		1B22D3E325C3C67F00D141B8 /* DestinationDetailsView.swift in Sources */ = {isa = PBXBuildFile; fileRef = 1B22D3E225C3C67F00D141B8 /* DestinationDetailsView.swift */; };
		1B4A4C0625BA85D800516641 /* TravelDiscoveryApp.swift in Sources */ = {isa = PBXBuildFile; fileRef = 1B4A4C0525BA85D800516641 /* TravelDiscoveryApp.swift */; };
		1B4A4C0825BA85D800516641 /* DiscoverView.swift in Sources */ = {isa = PBXBuildFile; fileRef = 1B4A4C0725BA85D800516641 /* DiscoverView.swift */; };
		1B4A4C0A25BA85D900516641 /* Assets.xcassets in Resources */ = {isa = PBXBuildFile; fileRef = 1B4A4C0925BA85D900516641 /* Assets.xcassets */; };
		1B4A4C0D25BA85D900516641 /* Preview Assets.xcassets in Resources */ = {isa = PBXBuildFile; fileRef = 1B4A4C0C25BA85D900516641 /* Preview Assets.xcassets */; };
		1B4A4C1825BA85D900516641 /* TravelDiscoveryTests.swift in Sources */ = {isa = PBXBuildFile; fileRef = 1B4A4C1725BA85D900516641 /* TravelDiscoveryTests.swift */; };
		1B4A4C2325BA85D900516641 /* TravelDiscoveryUITests.swift in Sources */ = {isa = PBXBuildFile; fileRef = 1B4A4C2225BA85D900516641 /* TravelDiscoveryUITests.swift */; };
		1B97CE1D25C919990096CB11 /* DestinationHeaderContainer.swift in Sources */ = {isa = PBXBuildFile; fileRef = 1B97CE1C25C919990096CB11 /* DestinationHeaderContainer.swift */; };
		1BA3F3E825C27D98006EEDC9 /* Kingfisher in Frameworks */ = {isa = PBXBuildFile; productRef = 1BA3F3E725C27D98006EEDC9 /* Kingfisher */; };
		1BA3F3ED25C281CA006EEDC9 /* ActivityIndicatorView.swift in Sources */ = {isa = PBXBuildFile; fileRef = 1BA3F3EC25C281CA006EEDC9 /* ActivityIndicatorView.swift */; };
		1BB9A9CB25BFD4DC00094AA6 /* DiscoverCategoriesView.swift in Sources */ = {isa = PBXBuildFile; fileRef = 1BB9A9CA25BFD4DC00094AA6 /* DiscoverCategoriesView.swift */; };
		1BB9A9D025BFD51800094AA6 /* DestinationView.swift in Sources */ = {isa = PBXBuildFile; fileRef = 1BB9A9CF25BFD51800094AA6 /* DestinationView.swift */; };
		1BB9A9D525BFD57500094AA6 /* PopularPlacesView.swift in Sources */ = {isa = PBXBuildFile; fileRef = 1BB9A9D425BFD57500094AA6 /* PopularPlacesView.swift */; };
		1BB9A9DA25BFD58C00094AA6 /* TrendingCreatorsView.swift in Sources */ = {isa = PBXBuildFile; fileRef = 1BB9A9D925BFD58C00094AA6 /* TrendingCreatorsView.swift */; };
		1BB9A9E025BFD60600094AA6 /* Models.swift in Sources */ = {isa = PBXBuildFile; fileRef = 1BB9A9DF25BFD60600094AA6 /* Models.swift */; };
		1BB9A9EC25BFDDDF00094AA6 /* TextModifer.swift in Sources */ = {isa = PBXBuildFile; fileRef = 1BB9A9EB25BFDDDF00094AA6 /* TextModifer.swift */; };
		1BB9A9F425BFDED000094AA6 /* TileModifier.swift in Sources */ = {isa = PBXBuildFile; fileRef = 1BB9A9F325BFDED000094AA6 /* TileModifier.swift */; };
/* End PBXBuildFile section */

/* Begin PBXContainerItemProxy section */
		1B4A4C1425BA85D900516641 /* PBXContainerItemProxy */ = {
			isa = PBXContainerItemProxy;
			containerPortal = 1B4A4BFA25BA85D800516641 /* Project object */;
			proxyType = 1;
			remoteGlobalIDString = 1B4A4C0125BA85D800516641;
			remoteInfo = TravelDiscovery;
		};
		1B4A4C1F25BA85D900516641 /* PBXContainerItemProxy */ = {
			isa = PBXContainerItemProxy;
			containerPortal = 1B4A4BFA25BA85D800516641 /* Project object */;
			proxyType = 1;
			remoteGlobalIDString = 1B4A4C0125BA85D800516641;
			remoteInfo = TravelDiscovery;
		};
/* End PBXContainerItemProxy section */

/* Begin PBXFileReference section */
		1B22D3D425C3214200D141B8 /* CategoryDetailsView.swift */ = {isa = PBXFileReference; lastKnownFileType = sourcecode.swift; path = CategoryDetailsView.swift; sourceTree = "<group>"; };
		1B22D3DC25C3BAEF00D141B8 /* LazyView.swift */ = {isa = PBXFileReference; lastKnownFileType = sourcecode.swift; path = LazyView.swift; sourceTree = "<group>"; };
		1B22D3E225C3C67F00D141B8 /* DestinationDetailsView.swift */ = {isa = PBXFileReference; lastKnownFileType = sourcecode.swift; path = DestinationDetailsView.swift; sourceTree = "<group>"; };
		1B4A4C0225BA85D800516641 /* TravelDiscovery.app */ = {isa = PBXFileReference; explicitFileType = wrapper.application; includeInIndex = 0; path = TravelDiscovery.app; sourceTree = BUILT_PRODUCTS_DIR; };
		1B4A4C0525BA85D800516641 /* TravelDiscoveryApp.swift */ = {isa = PBXFileReference; lastKnownFileType = sourcecode.swift; path = TravelDiscoveryApp.swift; sourceTree = "<group>"; };
		1B4A4C0725BA85D800516641 /* DiscoverView.swift */ = {isa = PBXFileReference; lastKnownFileType = sourcecode.swift; path = DiscoverView.swift; sourceTree = "<group>"; };
		1B4A4C0925BA85D900516641 /* Assets.xcassets */ = {isa = PBXFileReference; lastKnownFileType = folder.assetcatalog; path = Assets.xcassets; sourceTree = "<group>"; };
		1B4A4C0C25BA85D900516641 /* Preview Assets.xcassets */ = {isa = PBXFileReference; lastKnownFileType = folder.assetcatalog; path = "Preview Assets.xcassets"; sourceTree = "<group>"; };
		1B4A4C0E25BA85D900516641 /* Info.plist */ = {isa = PBXFileReference; lastKnownFileType = text.plist.xml; path = Info.plist; sourceTree = "<group>"; };
		1B4A4C1325BA85D900516641 /* TravelDiscoveryTests.xctest */ = {isa = PBXFileReference; explicitFileType = wrapper.cfbundle; includeInIndex = 0; path = TravelDiscoveryTests.xctest; sourceTree = BUILT_PRODUCTS_DIR; };
		1B4A4C1725BA85D900516641 /* TravelDiscoveryTests.swift */ = {isa = PBXFileReference; lastKnownFileType = sourcecode.swift; path = TravelDiscoveryTests.swift; sourceTree = "<group>"; };
		1B4A4C1925BA85D900516641 /* Info.plist */ = {isa = PBXFileReference; lastKnownFileType = text.plist.xml; path = Info.plist; sourceTree = "<group>"; };
		1B4A4C1E25BA85D900516641 /* TravelDiscoveryUITests.xctest */ = {isa = PBXFileReference; explicitFileType = wrapper.cfbundle; includeInIndex = 0; path = TravelDiscoveryUITests.xctest; sourceTree = BUILT_PRODUCTS_DIR; };
		1B4A4C2225BA85D900516641 /* TravelDiscoveryUITests.swift */ = {isa = PBXFileReference; lastKnownFileType = sourcecode.swift; path = TravelDiscoveryUITests.swift; sourceTree = "<group>"; };
		1B4A4C2425BA85D900516641 /* Info.plist */ = {isa = PBXFileReference; lastKnownFileType = text.plist.xml; path = Info.plist; sourceTree = "<group>"; };
		1B97CE1C25C919990096CB11 /* DestinationHeaderContainer.swift */ = {isa = PBXFileReference; lastKnownFileType = sourcecode.swift; path = DestinationHeaderContainer.swift; sourceTree = "<group>"; };
		1BA3F3EC25C281CA006EEDC9 /* ActivityIndicatorView.swift */ = {isa = PBXFileReference; lastKnownFileType = sourcecode.swift; path = ActivityIndicatorView.swift; sourceTree = "<group>"; };
		1BB9A9CA25BFD4DC00094AA6 /* DiscoverCategoriesView.swift */ = {isa = PBXFileReference; lastKnownFileType = sourcecode.swift; path = DiscoverCategoriesView.swift; sourceTree = "<group>"; };
		1BB9A9CF25BFD51800094AA6 /* DestinationView.swift */ = {isa = PBXFileReference; lastKnownFileType = sourcecode.swift; path = DestinationView.swift; sourceTree = "<group>"; };
		1BB9A9D425BFD57500094AA6 /* PopularPlacesView.swift */ = {isa = PBXFileReference; lastKnownFileType = sourcecode.swift; path = PopularPlacesView.swift; sourceTree = "<group>"; };
		1BB9A9D925BFD58C00094AA6 /* TrendingCreatorsView.swift */ = {isa = PBXFileReference; lastKnownFileType = sourcecode.swift; path = TrendingCreatorsView.swift; sourceTree = "<group>"; };
		1BB9A9DF25BFD60600094AA6 /* Models.swift */ = {isa = PBXFileReference; lastKnownFileType = sourcecode.swift; path = Models.swift; sourceTree = "<group>"; };
		1BB9A9EB25BFDDDF00094AA6 /* TextModifer.swift */ = {isa = PBXFileReference; lastKnownFileType = sourcecode.swift; path = TextModifer.swift; sourceTree = "<group>"; };
		1BB9A9F325BFDED000094AA6 /* TileModifier.swift */ = {isa = PBXFileReference; lastKnownFileType = sourcecode.swift; path = TileModifier.swift; sourceTree = "<group>"; };
/* End PBXFileReference section */

/* Begin PBXFrameworksBuildPhase section */
		1B4A4BFF25BA85D800516641 /* Frameworks */ = {
			isa = PBXFrameworksBuildPhase;
			buildActionMask = 2147483647;
			files = (
				1BA3F3E825C27D98006EEDC9 /* Kingfisher in Frameworks */,
			);
			runOnlyForDeploymentPostprocessing = 0;
		};
		1B4A4C1025BA85D900516641 /* Frameworks */ = {
			isa = PBXFrameworksBuildPhase;
			buildActionMask = 2147483647;
			files = (
			);
			runOnlyForDeploymentPostprocessing = 0;
		};
		1B4A4C1B25BA85D900516641 /* Frameworks */ = {
			isa = PBXFrameworksBuildPhase;
			buildActionMask = 2147483647;
			files = (
			);
			runOnlyForDeploymentPostprocessing = 0;
		};
/* End PBXFrameworksBuildPhase section */

/* Begin PBXGroup section */
		1B22D3D325C3212100D141B8 /* CategoryDetails */ = {
			isa = PBXGroup;
			children = (
				1B22D3D425C3214200D141B8 /* CategoryDetailsView.swift */,
			);
			path = CategoryDetails;
			sourceTree = "<group>";
		};
		1B22D3E125C3C67300D141B8 /* DestinationDetails */ = {
			isa = PBXGroup;
			children = (
				1B22D3E225C3C67F00D141B8 /* DestinationDetailsView.swift */,
				1B97CE1C25C919990096CB11 /* DestinationHeaderContainer.swift */,
			);
			path = DestinationDetails;
			sourceTree = "<group>";
		};
		1B4A4BF925BA85D800516641 = {
			isa = PBXGroup;
			children = (
				1B4A4C0425BA85D800516641 /* TravelDiscovery */,
				1B4A4C1625BA85D900516641 /* TravelDiscoveryTests */,
				1B4A4C2125BA85D900516641 /* TravelDiscoveryUITests */,
				1B4A4C0325BA85D800516641 /* Products */,
			);
			sourceTree = "<group>";
		};
		1B4A4C0325BA85D800516641 /* Products */ = {
			isa = PBXGroup;
			children = (
				1B4A4C0225BA85D800516641 /* TravelDiscovery.app */,
				1B4A4C1325BA85D900516641 /* TravelDiscoveryTests.xctest */,
				1B4A4C1E25BA85D900516641 /* TravelDiscoveryUITests.xctest */,
			);
			name = Products;
			sourceTree = "<group>";
		};
		1B4A4C0425BA85D800516641 /* TravelDiscovery */ = {
			isa = PBXGroup;
			children = (
				1BB9A9EA25BFDDC700094AA6 /* Utils */,
				1BB9A9DE25BFD5D700094AA6 /* Models */,
				1B7DF75B25BFD2C7000ABA53 /* Discover */,
				1B4A4C0525BA85D800516641 /* TravelDiscoveryApp.swift */,
				1B4A4C0925BA85D900516641 /* Assets.xcassets */,
				1B4A4C0E25BA85D900516641 /* Info.plist */,
				1B4A4C0B25BA85D900516641 /* Preview Content */,
			);
			path = TravelDiscovery;
			sourceTree = "<group>";
		};
		1B4A4C0B25BA85D900516641 /* Preview Content */ = {
			isa = PBXGroup;
			children = (
				1B4A4C0C25BA85D900516641 /* Preview Assets.xcassets */,
			);
			path = "Preview Content";
			sourceTree = "<group>";
		};
		1B4A4C1625BA85D900516641 /* TravelDiscoveryTests */ = {
			isa = PBXGroup;
			children = (
				1B4A4C1725BA85D900516641 /* TravelDiscoveryTests.swift */,
				1B4A4C1925BA85D900516641 /* Info.plist */,
			);
			path = TravelDiscoveryTests;
			sourceTree = "<group>";
		};
		1B4A4C2125BA85D900516641 /* TravelDiscoveryUITests */ = {
			isa = PBXGroup;
			children = (
				1B4A4C2225BA85D900516641 /* TravelDiscoveryUITests.swift */,
				1B4A4C2425BA85D900516641 /* Info.plist */,
			);
			path = TravelDiscoveryUITests;
			sourceTree = "<group>";
		};
		1B7DF75B25BFD2C7000ABA53 /* Discover */ = {
			isa = PBXGroup;
			children = (
				1B22D3E125C3C67300D141B8 /* DestinationDetails */,
				1B22D3D325C3212100D141B8 /* CategoryDetails */,
				1B4A4C0725BA85D800516641 /* DiscoverView.swift */,
				1BB9A9CA25BFD4DC00094AA6 /* DiscoverCategoriesView.swift */,
				1BB9A9CF25BFD51800094AA6 /* DestinationView.swift */,
				1BB9A9D425BFD57500094AA6 /* PopularPlacesView.swift */,
				1BB9A9D925BFD58C00094AA6 /* TrendingCreatorsView.swift */,
			);
			path = Discover;
			sourceTree = "<group>";
		};
		1BB9A9DE25BFD5D700094AA6 /* Models */ = {
			isa = PBXGroup;
			children = (
				1BB9A9DF25BFD60600094AA6 /* Models.swift */,
			);
			path = Models;
			sourceTree = "<group>";
		};
		1BB9A9EA25BFDDC700094AA6 /* Utils */ = {
			isa = PBXGroup;
			children = (
				1BB9A9EB25BFDDDF00094AA6 /* TextModifer.swift */,
				1BB9A9F325BFDED000094AA6 /* TileModifier.swift */,
				1BA3F3EC25C281CA006EEDC9 /* ActivityIndicatorView.swift */,
				1B22D3DC25C3BAEF00D141B8 /* LazyView.swift */,
			);
			path = Utils;
			sourceTree = "<group>";
		};
/* End PBXGroup section */

/* Begin PBXNativeTarget section */
		1B4A4C0125BA85D800516641 /* TravelDiscovery */ = {
			isa = PBXNativeTarget;
			buildConfigurationList = 1B4A4C2725BA85D900516641 /* Build configuration list for PBXNativeTarget "TravelDiscovery" */;
			buildPhases = (
				1B4A4BFE25BA85D800516641 /* Sources */,
				1B4A4BFF25BA85D800516641 /* Frameworks */,
				1B4A4C0025BA85D800516641 /* Resources */,
			);
			buildRules = (
			);
			dependencies = (
			);
			name = TravelDiscovery;
			packageProductDependencies = (
				1BA3F3E725C27D98006EEDC9 /* Kingfisher */,
			);
			productName = TravelDiscovery;
			productReference = 1B4A4C0225BA85D800516641 /* TravelDiscovery.app */;
			productType = "com.apple.product-type.application";
		};
		1B4A4C1225BA85D900516641 /* TravelDiscoveryTests */ = {
			isa = PBXNativeTarget;
			buildConfigurationList = 1B4A4C2A25BA85D900516641 /* Build configuration list for PBXNativeTarget "TravelDiscoveryTests" */;
			buildPhases = (
				1B4A4C0F25BA85D900516641 /* Sources */,
				1B4A4C1025BA85D900516641 /* Frameworks */,
				1B4A4C1125BA85D900516641 /* Resources */,
			);
			buildRules = (
			);
			dependencies = (
				1B4A4C1525BA85D900516641 /* PBXTargetDependency */,
			);
			name = TravelDiscoveryTests;
			productName = TravelDiscoveryTests;
			productReference = 1B4A4C1325BA85D900516641 /* TravelDiscoveryTests.xctest */;
			productType = "com.apple.product-type.bundle.unit-test";
		};
		1B4A4C1D25BA85D900516641 /* TravelDiscoveryUITests */ = {
			isa = PBXNativeTarget;
			buildConfigurationList = 1B4A4C2D25BA85D900516641 /* Build configuration list for PBXNativeTarget "TravelDiscoveryUITests" */;
			buildPhases = (
				1B4A4C1A25BA85D900516641 /* Sources */,
				1B4A4C1B25BA85D900516641 /* Frameworks */,
				1B4A4C1C25BA85D900516641 /* Resources */,
			);
			buildRules = (
			);
			dependencies = (
				1B4A4C2025BA85D900516641 /* PBXTargetDependency */,
			);
			name = TravelDiscoveryUITests;
			productName = TravelDiscoveryUITests;
			productReference = 1B4A4C1E25BA85D900516641 /* TravelDiscoveryUITests.xctest */;
			productType = "com.apple.product-type.bundle.ui-testing";
		};
/* End PBXNativeTarget section */

/* Begin PBXProject section */
		1B4A4BFA25BA85D800516641 /* Project object */ = {
			isa = PBXProject;
			attributes = {
				LastSwiftUpdateCheck = 1230;
				LastUpgradeCheck = 1230;
				TargetAttributes = {
					1B4A4C0125BA85D800516641 = {
						CreatedOnToolsVersion = 12.3;
					};
					1B4A4C1225BA85D900516641 = {
						CreatedOnToolsVersion = 12.3;
						TestTargetID = 1B4A4C0125BA85D800516641;
					};
					1B4A4C1D25BA85D900516641 = {
						CreatedOnToolsVersion = 12.3;
						TestTargetID = 1B4A4C0125BA85D800516641;
					};
				};
			};
			buildConfigurationList = 1B4A4BFD25BA85D800516641 /* Build configuration list for PBXProject "TravelDiscovery" */;
			compatibilityVersion = "Xcode 9.3";
			developmentRegion = en;
			hasScannedForEncodings = 0;
			knownRegions = (
				en,
				Base,
			);
			mainGroup = 1B4A4BF925BA85D800516641;
			packageReferences = (
				1BA3F3E625C27D98006EEDC9 /* XCRemoteSwiftPackageReference "Kingfisher" */,
			);
			productRefGroup = 1B4A4C0325BA85D800516641 /* Products */;
			projectDirPath = "";
			projectRoot = "";
			targets = (
				1B4A4C0125BA85D800516641 /* TravelDiscovery */,
				1B4A4C1225BA85D900516641 /* TravelDiscoveryTests */,
				1B4A4C1D25BA85D900516641 /* TravelDiscoveryUITests */,
			);
		};
/* End PBXProject section */

/* Begin PBXResourcesBuildPhase section */
		1B4A4C0025BA85D800516641 /* Resources */ = {
			isa = PBXResourcesBuildPhase;
			buildActionMask = 2147483647;
			files = (
				1B4A4C0D25BA85D900516641 /* Preview Assets.xcassets in Resources */,
				1B4A4C0A25BA85D900516641 /* Assets.xcassets in Resources */,
			);
			runOnlyForDeploymentPostprocessing = 0;
		};
		1B4A4C1125BA85D900516641 /* Resources */ = {
			isa = PBXResourcesBuildPhase;
			buildActionMask = 2147483647;
			files = (
			);
			runOnlyForDeploymentPostprocessing = 0;
		};
		1B4A4C1C25BA85D900516641 /* Resources */ = {
			isa = PBXResourcesBuildPhase;
			buildActionMask = 2147483647;
			files = (
			);
			runOnlyForDeploymentPostprocessing = 0;
		};
/* End PBXResourcesBuildPhase section */

/* Begin PBXSourcesBuildPhase section */
		1B4A4BFE25BA85D800516641 /* Sources */ = {
			isa = PBXSourcesBuildPhase;
			buildActionMask = 2147483647;
			files = (
				1B22D3DD25C3BAEF00D141B8 /* LazyView.swift in Sources */,
				1B4A4C0825BA85D800516641 /* DiscoverView.swift in Sources */,
				1B22D3D525C3214200D141B8 /* CategoryDetailsView.swift in Sources */,
				1B22D3E325C3C67F00D141B8 /* DestinationDetailsView.swift in Sources */,
				1BA3F3ED25C281CA006EEDC9 /* ActivityIndicatorView.swift in Sources */,
				1BB9A9F425BFDED000094AA6 /* TileModifier.swift in Sources */,
				1B97CE1D25C919990096CB11 /* DestinationHeaderContainer.swift in Sources */,
				1BB9A9D025BFD51800094AA6 /* DestinationView.swift in Sources */,
				1BB9A9DA25BFD58C00094AA6 /* TrendingCreatorsView.swift in Sources */,
				1B4A4C0625BA85D800516641 /* TravelDiscoveryApp.swift in Sources */,
				1BB9A9D525BFD57500094AA6 /* PopularPlacesView.swift in Sources */,
				1BB9A9CB25BFD4DC00094AA6 /* DiscoverCategoriesView.swift in Sources */,
				1BB9A9E025BFD60600094AA6 /* Models.swift in Sources */,
				1BB9A9EC25BFDDDF00094AA6 /* TextModifer.swift in Sources */,
			);
			runOnlyForDeploymentPostprocessing = 0;
		};
		1B4A4C0F25BA85D900516641 /* Sources */ = {
			isa = PBXSourcesBuildPhase;
			buildActionMask = 2147483647;
			files = (
				1B4A4C1825BA85D900516641 /* TravelDiscoveryTests.swift in Sources */,
			);
			runOnlyForDeploymentPostprocessing = 0;
		};
		1B4A4C1A25BA85D900516641 /* Sources */ = {
			isa = PBXSourcesBuildPhase;
			buildActionMask = 2147483647;
			files = (
				1B4A4C2325BA85D900516641 /* TravelDiscoveryUITests.swift in Sources */,
			);
			runOnlyForDeploymentPostprocessing = 0;
		};
/* End PBXSourcesBuildPhase section */

/* Begin PBXTargetDependency section */
		1B4A4C1525BA85D900516641 /* PBXTargetDependency */ = {
			isa = PBXTargetDependency;
			target = 1B4A4C0125BA85D800516641 /* TravelDiscovery */;
			targetProxy = 1B4A4C1425BA85D900516641 /* PBXContainerItemProxy */;
		};
		1B4A4C2025BA85D900516641 /* PBXTargetDependency */ = {
			isa = PBXTargetDependency;
			target = 1B4A4C0125BA85D800516641 /* TravelDiscovery */;
			targetProxy = 1B4A4C1F25BA85D900516641 /* PBXContainerItemProxy */;
		};
/* End PBXTargetDependency section */

/* Begin XCBuildConfiguration section */
		1B4A4C2525BA85D900516641 /* Debug */ = {
			isa = XCBuildConfiguration;
			buildSettings = {
				ALWAYS_SEARCH_USER_PATHS = NO;
				CLANG_ANALYZER_NONNULL = YES;
				CLANG_ANALYZER_NUMBER_OBJECT_CONVERSION = YES_AGGRESSIVE;
				CLANG_CXX_LANGUAGE_STANDARD = "gnu++14";
				CLANG_CXX_LIBRARY = "libc++";
				CLANG_ENABLE_MODULES = YES;
				CLANG_ENABLE_OBJC_ARC = YES;
				CLANG_ENABLE_OBJC_WEAK = YES;
				CLANG_WARN_BLOCK_CAPTURE_AUTORELEASING = YES;
				CLANG_WARN_BOOL_CONVERSION = YES;
				CLANG_WARN_COMMA = YES;
				CLANG_WARN_CONSTANT_CONVERSION = YES;
				CLANG_WARN_DEPRECATED_OBJC_IMPLEMENTATIONS = YES;
				CLANG_WARN_DIRECT_OBJC_ISA_USAGE = YES_ERROR;
				CLANG_WARN_DOCUMENTATION_COMMENTS = YES;
				CLANG_WARN_EMPTY_BODY = YES;
				CLANG_WARN_ENUM_CONVERSION = YES;
				CLANG_WARN_INFINITE_RECURSION = YES;
				CLANG_WARN_INT_CONVERSION = YES;
				CLANG_WARN_NON_LITERAL_NULL_CONVERSION = YES;
				CLANG_WARN_OBJC_IMPLICIT_RETAIN_SELF = YES;
				CLANG_WARN_OBJC_LITERAL_CONVERSION = YES;
				CLANG_WARN_OBJC_ROOT_CLASS = YES_ERROR;
				CLANG_WARN_QUOTED_INCLUDE_IN_FRAMEWORK_HEADER = YES;
				CLANG_WARN_RANGE_LOOP_ANALYSIS = YES;
				CLANG_WARN_STRICT_PROTOTYPES = YES;
				CLANG_WARN_SUSPICIOUS_MOVE = YES;
				CLANG_WARN_UNGUARDED_AVAILABILITY = YES_AGGRESSIVE;
				CLANG_WARN_UNREACHABLE_CODE = YES;
				CLANG_WARN__DUPLICATE_METHOD_MATCH = YES;
				COPY_PHASE_STRIP = NO;
				DEBUG_INFORMATION_FORMAT = dwarf;
				ENABLE_STRICT_OBJC_MSGSEND = YES;
				ENABLE_TESTABILITY = YES;
				GCC_C_LANGUAGE_STANDARD = gnu11;
				GCC_DYNAMIC_NO_PIC = NO;
				GCC_NO_COMMON_BLOCKS = YES;
				GCC_OPTIMIZATION_LEVEL = 0;
				GCC_PREPROCESSOR_DEFINITIONS = (
					"DEBUG=1",
					"$(inherited)",
				);
				GCC_WARN_64_TO_32_BIT_CONVERSION = YES;
				GCC_WARN_ABOUT_RETURN_TYPE = YES_ERROR;
				GCC_WARN_UNDECLARED_SELECTOR = YES;
				GCC_WARN_UNINITIALIZED_AUTOS = YES_AGGRESSIVE;
				GCC_WARN_UNUSED_FUNCTION = YES;
				GCC_WARN_UNUSED_VARIABLE = YES;
				IPHONEOS_DEPLOYMENT_TARGET = 14.3;
				MTL_ENABLE_DEBUG_INFO = INCLUDE_SOURCE;
				MTL_FAST_MATH = YES;
				ONLY_ACTIVE_ARCH = YES;
				SDKROOT = iphoneos;
				SWIFT_ACTIVE_COMPILATION_CONDITIONS = DEBUG;
				SWIFT_OPTIMIZATION_LEVEL = "-Onone";
			};
			name = Debug;
		};
		1B4A4C2625BA85D900516641 /* Release */ = {
			isa = XCBuildConfiguration;
			buildSettings = {
				ALWAYS_SEARCH_USER_PATHS = NO;
				CLANG_ANALYZER_NONNULL = YES;
				CLANG_ANALYZER_NUMBER_OBJECT_CONVERSION = YES_AGGRESSIVE;
				CLANG_CXX_LANGUAGE_STANDARD = "gnu++14";
				CLANG_CXX_LIBRARY = "libc++";
				CLANG_ENABLE_MODULES = YES;
				CLANG_ENABLE_OBJC_ARC = YES;
				CLANG_ENABLE_OBJC_WEAK = YES;
				CLANG_WARN_BLOCK_CAPTURE_AUTORELEASING = YES;
				CLANG_WARN_BOOL_CONVERSION = YES;
				CLANG_WARN_COMMA = YES;
				CLANG_WARN_CONSTANT_CONVERSION = YES;
				CLANG_WARN_DEPRECATED_OBJC_IMPLEMENTATIONS = YES;
				CLANG_WARN_DIRECT_OBJC_ISA_USAGE = YES_ERROR;
				CLANG_WARN_DOCUMENTATION_COMMENTS = YES;
				CLANG_WARN_EMPTY_BODY = YES;
				CLANG_WARN_ENUM_CONVERSION = YES;
				CLANG_WARN_INFINITE_RECURSION = YES;
				CLANG_WARN_INT_CONVERSION = YES;
				CLANG_WARN_NON_LITERAL_NULL_CONVERSION = YES;
				CLANG_WARN_OBJC_IMPLICIT_RETAIN_SELF = YES;
				CLANG_WARN_OBJC_LITERAL_CONVERSION = YES;
				CLANG_WARN_OBJC_ROOT_CLASS = YES_ERROR;
				CLANG_WARN_QUOTED_INCLUDE_IN_FRAMEWORK_HEADER = YES;
				CLANG_WARN_RANGE_LOOP_ANALYSIS = YES;
				CLANG_WARN_STRICT_PROTOTYPES = YES;
				CLANG_WARN_SUSPICIOUS_MOVE = YES;
				CLANG_WARN_UNGUARDED_AVAILABILITY = YES_AGGRESSIVE;
				CLANG_WARN_UNREACHABLE_CODE = YES;
				CLANG_WARN__DUPLICATE_METHOD_MATCH = YES;
				COPY_PHASE_STRIP = NO;
				DEBUG_INFORMATION_FORMAT = "dwarf-with-dsym";
				ENABLE_NS_ASSERTIONS = NO;
				ENABLE_STRICT_OBJC_MSGSEND = YES;
				GCC_C_LANGUAGE_STANDARD = gnu11;
				GCC_NO_COMMON_BLOCKS = YES;
				GCC_WARN_64_TO_32_BIT_CONVERSION = YES;
				GCC_WARN_ABOUT_RETURN_TYPE = YES_ERROR;
				GCC_WARN_UNDECLARED_SELECTOR = YES;
				GCC_WARN_UNINITIALIZED_AUTOS = YES_AGGRESSIVE;
				GCC_WARN_UNUSED_FUNCTION = YES;
				GCC_WARN_UNUSED_VARIABLE = YES;
				IPHONEOS_DEPLOYMENT_TARGET = 14.3;
				MTL_ENABLE_DEBUG_INFO = NO;
				MTL_FAST_MATH = YES;
				SDKROOT = iphoneos;
				SWIFT_COMPILATION_MODE = wholemodule;
				SWIFT_OPTIMIZATION_LEVEL = "-O";
				VALIDATE_PRODUCT = YES;
			};
			name = Release;
		};
		1B4A4C2825BA85D900516641 /* Debug */ = {
			isa = XCBuildConfiguration;
			buildSettings = {
				ASSETCATALOG_COMPILER_APPICON_NAME = AppIcon;
				ASSETCATALOG_COMPILER_GLOBAL_ACCENT_COLOR_NAME = AccentColor;
				CODE_SIGN_STYLE = Automatic;
				DEVELOPMENT_ASSET_PATHS = "\"TravelDiscovery/Preview Content\"";
				ENABLE_PREVIEWS = YES;
				INFOPLIST_FILE = TravelDiscovery/Info.plist;
				IPHONEOS_DEPLOYMENT_TARGET = 14.0;
				LD_RUNPATH_SEARCH_PATHS = (
					"$(inherited)",
					"@executable_path/Frameworks",
				);
				PRODUCT_BUNDLE_IDENTIFIER = vinhle95.TravelDiscovery;
				PRODUCT_NAME = "$(TARGET_NAME)";
				SWIFT_VERSION = 5.0;
				TARGETED_DEVICE_FAMILY = "1,2";
			};
			name = Debug;
		};
		1B4A4C2925BA85D900516641 /* Release */ = {
			isa = XCBuildConfiguration;
			buildSettings = {
				ASSETCATALOG_COMPILER_APPICON_NAME = AppIcon;
				ASSETCATALOG_COMPILER_GLOBAL_ACCENT_COLOR_NAME = AccentColor;
				CODE_SIGN_STYLE = Automatic;
				DEVELOPMENT_ASSET_PATHS = "\"TravelDiscovery/Preview Content\"";
				ENABLE_PREVIEWS = YES;
				INFOPLIST_FILE = TravelDiscovery/Info.plist;
				IPHONEOS_DEPLOYMENT_TARGET = 14.0;
				LD_RUNPATH_SEARCH_PATHS = (
					"$(inherited)",
					"@executable_path/Frameworks",
				);
				PRODUCT_BUNDLE_IDENTIFIER = vinhle95.TravelDiscovery;
				PRODUCT_NAME = "$(TARGET_NAME)";
				SWIFT_VERSION = 5.0;
				TARGETED_DEVICE_FAMILY = "1,2";
			};
			name = Release;
		};
		1B4A4C2B25BA85D900516641 /* Debug */ = {
			isa = XCBuildConfiguration;
			buildSettings = {
				ALWAYS_EMBED_SWIFT_STANDARD_LIBRARIES = YES;
				BUNDLE_LOADER = "$(TEST_HOST)";
				CODE_SIGN_STYLE = Automatic;
				INFOPLIST_FILE = TravelDiscoveryTests/Info.plist;
				IPHONEOS_DEPLOYMENT_TARGET = 14.0;
				LD_RUNPATH_SEARCH_PATHS = (
					"$(inherited)",
					"@executable_path/Frameworks",
					"@loader_path/Frameworks",
				);
				PRODUCT_BUNDLE_IDENTIFIER = vinhle95.TravelDiscoveryTests;
				PRODUCT_NAME = "$(TARGET_NAME)";
				SWIFT_VERSION = 5.0;
				TARGETED_DEVICE_FAMILY = "1,2";
				TEST_HOST = "$(BUILT_PRODUCTS_DIR)/TravelDiscovery.app/TravelDiscovery";
			};
			name = Debug;
		};
		1B4A4C2C25BA85D900516641 /* Release */ = {
			isa = XCBuildConfiguration;
			buildSettings = {
				ALWAYS_EMBED_SWIFT_STANDARD_LIBRARIES = YES;
				BUNDLE_LOADER = "$(TEST_HOST)";
				CODE_SIGN_STYLE = Automatic;
				INFOPLIST_FILE = TravelDiscoveryTests/Info.plist;
				IPHONEOS_DEPLOYMENT_TARGET = 14.0;
				LD_RUNPATH_SEARCH_PATHS = (
					"$(inherited)",
					"@executable_path/Frameworks",
					"@loader_path/Frameworks",
				);
				PRODUCT_BUNDLE_IDENTIFIER = vinhle95.TravelDiscoveryTests;
				PRODUCT_NAME = "$(TARGET_NAME)";
				SWIFT_VERSION = 5.0;
				TARGETED_DEVICE_FAMILY = "1,2";
				TEST_HOST = "$(BUILT_PRODUCTS_DIR)/TravelDiscovery.app/TravelDiscovery";
			};
			name = Release;
		};
		1B4A4C2E25BA85D900516641 /* Debug */ = {
			isa = XCBuildConfiguration;
			buildSettings = {
				ALWAYS_EMBED_SWIFT_STANDARD_LIBRARIES = YES;
				CODE_SIGN_STYLE = Automatic;
				INFOPLIST_FILE = TravelDiscoveryUITests/Info.plist;
				LD_RUNPATH_SEARCH_PATHS = (
					"$(inherited)",
					"@executable_path/Frameworks",
					"@loader_path/Frameworks",
				);
				PRODUCT_BUNDLE_IDENTIFIER = vinhle95.TravelDiscoveryUITests;
				PRODUCT_NAME = "$(TARGET_NAME)";
				SWIFT_VERSION = 5.0;
				TARGETED_DEVICE_FAMILY = "1,2";
				TEST_TARGET_NAME = TravelDiscovery;
			};
			name = Debug;
		};
		1B4A4C2F25BA85D900516641 /* Release */ = {
			isa = XCBuildConfiguration;
			buildSettings = {
				ALWAYS_EMBED_SWIFT_STANDARD_LIBRARIES = YES;
				CODE_SIGN_STYLE = Automatic;
				INFOPLIST_FILE = TravelDiscoveryUITests/Info.plist;
				LD_RUNPATH_SEARCH_PATHS = (
					"$(inherited)",
					"@executable_path/Frameworks",
					"@loader_path/Frameworks",
				);
				PRODUCT_BUNDLE_IDENTIFIER = vinhle95.TravelDiscoveryUITests;
				PRODUCT_NAME = "$(TARGET_NAME)";
				SWIFT_VERSION = 5.0;
				TARGETED_DEVICE_FAMILY = "1,2";
				TEST_TARGET_NAME = TravelDiscovery;
			};
			name = Release;
		};
/* End XCBuildConfiguration section */

/* Begin XCConfigurationList section */
		1B4A4BFD25BA85D800516641 /* Build configuration list for PBXProject "TravelDiscovery" */ = {
			isa = XCConfigurationList;
			buildConfigurations = (
				1B4A4C2525BA85D900516641 /* Debug */,
				1B4A4C2625BA85D900516641 /* Release */,
			);
			defaultConfigurationIsVisible = 0;
			defaultConfigurationName = Release;
		};
		1B4A4C2725BA85D900516641 /* Build configuration list for PBXNativeTarget "TravelDiscovery" */ = {
			isa = XCConfigurationList;
			buildConfigurations = (
				1B4A4C2825BA85D900516641 /* Debug */,
				1B4A4C2925BA85D900516641 /* Release */,
			);
			defaultConfigurationIsVisible = 0;
			defaultConfigurationName = Release;
		};
		1B4A4C2A25BA85D900516641 /* Build configuration list for PBXNativeTarget "TravelDiscoveryTests" */ = {
			isa = XCConfigurationList;
			buildConfigurations = (
				1B4A4C2B25BA85D900516641 /* Debug */,
				1B4A4C2C25BA85D900516641 /* Release */,
			);
			defaultConfigurationIsVisible = 0;
			defaultConfigurationName = Release;
		};
		1B4A4C2D25BA85D900516641 /* Build configuration list for PBXNativeTarget "TravelDiscoveryUITests" */ = {
			isa = XCConfigurationList;
			buildConfigurations = (
				1B4A4C2E25BA85D900516641 /* Debug */,
				1B4A4C2F25BA85D900516641 /* Release */,
			);
			defaultConfigurationIsVisible = 0;
			defaultConfigurationName = Release;
		};
/* End XCConfigurationList section */

/* Begin XCRemoteSwiftPackageReference section */
		1BA3F3E625C27D98006EEDC9 /* XCRemoteSwiftPackageReference "Kingfisher" */ = {
			isa = XCRemoteSwiftPackageReference;
			repositoryURL = "https://github.com/onevcat/Kingfisher";
			requirement = {
				kind = upToNextMajorVersion;
				minimumVersion = 6.0.1;
			};
		};
/* End XCRemoteSwiftPackageReference section */

/* Begin XCSwiftPackageProductDependency section */
		1BA3F3E725C27D98006EEDC9 /* Kingfisher */ = {
			isa = XCSwiftPackageProductDependency;
			package = 1BA3F3E625C27D98006EEDC9 /* XCRemoteSwiftPackageReference "Kingfisher" */;
			productName = Kingfisher;
		};
/* End XCSwiftPackageProductDependency section */
	};
	rootObject = 1B4A4BFA25BA85D800516641 /* Project object */;
}
